// !$*UTF8*$!
{
	archiveVersion = 1;
	classes = {
	};
	objectVersion = 50;
	objects = {

/* Begin PBXBuildFile section */
		828A56AE242A4F5000C806EE /* AppDelegate.swift in Sources */ = {isa = PBXBuildFile; fileRef = 828A56AD242A4F5000C806EE /* AppDelegate.swift */; };
		828A56B2242A4F5000C806EE /* KEStoryLikeViewController.swift in Sources */ = {isa = PBXBuildFile; fileRef = 828A56B1242A4F5000C806EE /* KEStoryLikeViewController.swift */; };
		828A56B5242A4F5000C806EE /* Main.storyboard in Resources */ = {isa = PBXBuildFile; fileRef = 828A56B3242A4F5000C806EE /* Main.storyboard */; };
		828A56B7242A4F5200C806EE /* Assets.xcassets in Resources */ = {isa = PBXBuildFile; fileRef = 828A56B6242A4F5200C806EE /* Assets.xcassets */; };
		828A56BA242A4F5200C806EE /* LaunchScreen.storyboard in Resources */ = {isa = PBXBuildFile; fileRef = 828A56B8242A4F5200C806EE /* LaunchScreen.storyboard */; };
		828D9F33242B6F22002A3424 /* KEStoryLikeCollectionView.swift in Sources */ = {isa = PBXBuildFile; fileRef = 828D9F32242B6F22002A3424 /* KEStoryLikeCollectionView.swift */; };
		828D9F35242B72E9002A3424 /* KEStoryLikeCell.swift in Sources */ = {isa = PBXBuildFile; fileRef = 828D9F34242B72E9002A3424 /* KEStoryLikeCell.swift */; };
		828D9F37242B7909002A3424 /* ViewController.swift in Sources */ = {isa = PBXBuildFile; fileRef = 828D9F36242B7909002A3424 /* ViewController.swift */; };
/* End PBXBuildFile section */

/* Begin PBXFileReference section */
		828A56AA242A4F5000C806EE /* KEStoryLikeCollection.app */ = {isa = PBXFileReference; explicitFileType = wrapper.application; includeInIndex = 0; path = KEStoryLikeCollection.app; sourceTree = BUILT_PRODUCTS_DIR; };
		828A56AD242A4F5000C806EE /* AppDelegate.swift */ = {isa = PBXFileReference; lastKnownFileType = sourcecode.swift; path = AppDelegate.swift; sourceTree = "<group>"; };
		828A56B1242A4F5000C806EE /* KEStoryLikeViewController.swift */ = {isa = PBXFileReference; lastKnownFileType = sourcecode.swift; path = KEStoryLikeViewController.swift; sourceTree = "<group>"; };
		828A56B4242A4F5000C806EE /* Base */ = {isa = PBXFileReference; lastKnownFileType = file.storyboard; name = Base; path = Base.lproj/Main.storyboard; sourceTree = "<group>"; };
		828A56B6242A4F5200C806EE /* Assets.xcassets */ = {isa = PBXFileReference; lastKnownFileType = folder.assetcatalog; path = Assets.xcassets; sourceTree = "<group>"; };
		828A56B9242A4F5200C806EE /* Base */ = {isa = PBXFileReference; lastKnownFileType = file.storyboard; name = Base; path = Base.lproj/LaunchScreen.storyboard; sourceTree = "<group>"; };
		828A56BB242A4F5200C806EE /* Info.plist */ = {isa = PBXFileReference; lastKnownFileType = text.plist.xml; path = Info.plist; sourceTree = "<group>"; };
		828D9F32242B6F22002A3424 /* KEStoryLikeCollectionView.swift */ = {isa = PBXFileReference; lastKnownFileType = sourcecode.swift; path = KEStoryLikeCollectionView.swift; sourceTree = "<group>"; };
		828D9F34242B72E9002A3424 /* KEStoryLikeCell.swift */ = {isa = PBXFileReference; lastKnownFileType = sourcecode.swift; path = KEStoryLikeCell.swift; sourceTree = "<group>"; };
		828D9F36242B7909002A3424 /* ViewController.swift */ = {isa = PBXFileReference; lastKnownFileType = sourcecode.swift; path = ViewController.swift; sourceTree = "<group>"; };
/* End PBXFileReference section */

/* Begin PBXFrameworksBuildPhase section */
		828A56A7242A4F5000C806EE /* Frameworks */ = {
			isa = PBXFrameworksBuildPhase;
			buildActionMask = 2147483647;
			files = (
			);
			runOnlyForDeploymentPostprocessing = 0;
		};
/* End PBXFrameworksBuildPhase section */

/* Begin PBXGroup section */
		828A56A1242A4F5000C806EE = {
			isa = PBXGroup;
			children = (
				828A56AC242A4F5000C806EE /* KEStoryLikeCollection */,
				828A56AB242A4F5000C806EE /* Products */,
			);
			sourceTree = "<group>";
		};
		828A56AB242A4F5000C806EE /* Products */ = {
			isa = PBXGroup;
			children = (
				828A56AA242A4F5000C806EE /* KEStoryLikeCollection.app */,
			);
			name = Products;
			sourceTree = "<group>";
		};
		828A56AC242A4F5000C806EE /* KEStoryLikeCollection */ = {
			isa = PBXGroup;
			children = (
				828A56AD242A4F5000C806EE /* AppDelegate.swift */,
				828A56B1242A4F5000C806EE /* KEStoryLikeViewController.swift */,
				828D9F32242B6F22002A3424 /* KEStoryLikeCollectionView.swift */,
				828D9F34242B72E9002A3424 /* KEStoryLikeCell.swift */,
				828D9F36242B7909002A3424 /* ViewController.swift */,
				828A56B3242A4F5000C806EE /* Main.storyboard */,
				828A56B6242A4F5200C806EE /* Assets.xcassets */,
				828A56B8242A4F5200C806EE /* LaunchScreen.storyboard */,
				828A56BB242A4F5200C806EE /* Info.plist */,
			);
			path = KEStoryLikeCollection;
			sourceTree = "<group>";
		};
/* End PBXGroup section */

/* Begin PBXNativeTarget section */
		828A56A9242A4F5000C806EE /* KEStoryLikeCollection */ = {
			isa = PBXNativeTarget;
			buildConfigurationList = 828A56BE242A4F5200C806EE /* Build configuration list for PBXNativeTarget "KEStoryLikeCollection" */;
			buildPhases = (
				828A56A6242A4F5000C806EE /* Sources */,
				828A56A7242A4F5000C806EE /* Frameworks */,
				828A56A8242A4F5000C806EE /* Resources */,
			);
			buildRules = (
			);
			dependencies = (
			);
			name = KEStoryLikeCollection;
			productName = KEStoryLikeCollection;
			productReference = 828A56AA242A4F5000C806EE /* KEStoryLikeCollection.app */;
			productType = "com.apple.product-type.application";
		};
/* End PBXNativeTarget section */

/* Begin PBXProject section */
		828A56A2242A4F5000C806EE /* Project object */ = {
			isa = PBXProject;
			attributes = {
				LastSwiftUpdateCheck = 1130;
				LastUpgradeCheck = 1130;
				ORGANIZATIONNAME = "Kaan Esin";
				TargetAttributes = {
					828A56A9242A4F5000C806EE = {
						CreatedOnToolsVersion = 11.3;
					};
				};
			};
			buildConfigurationList = 828A56A5242A4F5000C806EE /* Build configuration list for PBXProject "KEStoryLikeCollection" */;
			compatibilityVersion = "Xcode 9.3";
			developmentRegion = en;
			hasScannedForEncodings = 0;
			knownRegions = (
				en,
				Base,
			);
			mainGroup = 828A56A1242A4F5000C806EE;
			productRefGroup = 828A56AB242A4F5000C806EE /* Products */;
			projectDirPath = "";
			projectRoot = "";
			targets = (
				828A56A9242A4F5000C806EE /* KEStoryLikeCollection */,
			);
		};
/* End PBXProject section */

/* Begin PBXResourcesBuildPhase section */
		828A56A8242A4F5000C806EE /* Resources */ = {
			isa = PBXResourcesBuildPhase;
			buildActionMask = 2147483647;
			files = (
				828A56BA242A4F5200C806EE /* LaunchScreen.storyboard in Resources */,
				828A56B7242A4F5200C806EE /* Assets.xcassets in Resources */,
				828A56B5242A4F5000C806EE /* Main.storyboard in Resources */,
			);
			runOnlyForDeploymentPostprocessing = 0;
		};
/* End PBXResourcesBuildPhase section */

/* Begin PBXSourcesBuildPhase section */
		828A56A6242A4F5000C806EE /* Sources */ = {
			isa = PBXSourcesBuildPhase;
			buildActionMask = 2147483647;
			files = (
				828D9F37242B7909002A3424 /* ViewController.swift in Sources */,
				828A56B2242A4F5000C806EE /* KEStoryLikeViewController.swift in Sources */,
				828A56AE242A4F5000C806EE /* AppDelegate.swift in Sources */,
				828D9F35242B72E9002A3424 /* KEStoryLikeCell.swift in Sources */,
				828D9F33242B6F22002A3424 /* KEStoryLikeCollectionView.swift in Sources */,
			);
			runOnlyForDeploymentPostprocessing = 0;
		};
/* End PBXSourcesBuildPhase section */

/* Begin PBXVariantGroup section */
		828A56B3242A4F5000C806EE /* Main.storyboard */ = {
			isa = PBXVariantGroup;
			children = (
				828A56B4242A4F5000C806EE /* Base */,
			);
			name = Main.storyboard;
			sourceTree = "<group>";
		};
		828A56B8242A4F5200C806EE /* LaunchScreen.storyboard */ = {
			isa = PBXVariantGroup;
			children = (
				828A56B9242A4F5200C806EE /* Base */,
			);
			name = LaunchScreen.storyboard;
			sourceTree = "<group>";
		};
/* End PBXVariantGroup section */

/* Begin XCBuildConfiguration section */
		828A56BC242A4F5200C806EE /* Debug */ = {
			isa = XCBuildConfiguration;
			buildSettings = {
				ALWAYS_SEARCH_USER_PATHS = NO;
				CLANG_ANALYZER_NONNULL = YES;
				CLANG_ANALYZER_NUMBER_OBJECT_CONVERSION = YES_AGGRESSIVE;
				CLANG_CXX_LANGUAGE_STANDARD = "gnu++14";
				CLANG_CXX_LIBRARY = "libc++";
				CLANG_ENABLE_MODULES = YES;
				CLANG_ENABLE_OBJC_ARC = YES;
				CLANG_ENABLE_OBJC_WEAK = YES;
				CLANG_WARN_BLOCK_CAPTURE_AUTORELEASING = YES;
				CLANG_WARN_BOOL_CONVERSION = YES;
				CLANG_WARN_COMMA = YES;
				CLANG_WARN_CONSTANT_CONVERSION = YES;
				CLANG_WARN_DEPRECATED_OBJC_IMPLEMENTATIONS = YES;
				CLANG_WARN_DIRECT_OBJC_ISA_USAGE = YES_ERROR;
				CLANG_WARN_DOCUMENTATION_COMMENTS = YES;
				CLANG_WARN_EMPTY_BODY = YES;
				CLANG_WARN_ENUM_CONVERSION = YES;
				CLANG_WARN_INFINITE_RECURSION = YES;
				CLANG_WARN_INT_CONVERSION = YES;
				CLANG_WARN_NON_LITERAL_NULL_CONVERSION = YES;
				CLANG_WARN_OBJC_IMPLICIT_RETAIN_SELF = YES;
				CLANG_WARN_OBJC_LITERAL_CONVERSION = YES;
				CLANG_WARN_OBJC_ROOT_CLASS = YES_ERROR;
				CLANG_WARN_RANGE_LOOP_ANALYSIS = YES;
				CLANG_WARN_STRICT_PROTOTYPES = YES;
				CLANG_WARN_SUSPICIOUS_MOVE = YES;
				CLANG_WARN_UNGUARDED_AVAILABILITY = YES_AGGRESSIVE;
				CLANG_WARN_UNREACHABLE_CODE = YES;
				CLANG_WARN__DUPLICATE_METHOD_MATCH = YES;
				COPY_PHASE_STRIP = NO;
				DEBUG_INFORMATION_FORMAT = dwarf;
				ENABLE_STRICT_OBJC_MSGSEND = YES;
				ENABLE_TESTABILITY = YES;
				GCC_C_LANGUAGE_STANDARD = gnu11;
				GCC_DYNAMIC_NO_PIC = NO;
				GCC_NO_COMMON_BLOCKS = YES;
				GCC_OPTIMIZATION_LEVEL = 0;
				GCC_PREPROCESSOR_DEFINITIONS = (
					"DEBUG=1",
					"$(inherited)",
				);
				GCC_WARN_64_TO_32_BIT_CONVERSION = YES;
				GCC_WARN_ABOUT_RETURN_TYPE = YES_ERROR;
				GCC_WARN_UNDECLARED_SELECTOR = YES;
				GCC_WARN_UNINITIALIZED_AUTOS = YES_AGGRESSIVE;
				GCC_WARN_UNUSED_FUNCTION = YES;
				GCC_WARN_UNUSED_VARIABLE = YES;
				IPHONEOS_DEPLOYMENT_TARGET = 13.2;
				MTL_ENABLE_DEBUG_INFO = INCLUDE_SOURCE;
				MTL_FAST_MATH = YES;
				ONLY_ACTIVE_ARCH = YES;
				SDKROOT = iphoneos;
				SWIFT_ACTIVE_COMPILATION_CONDITIONS = DEBUG;
				SWIFT_OPTIMIZATION_LEVEL = "-Onone";
			};
			name = Debug;
		};
		828A56BD242A4F5200C806EE /* Release */ = {
			isa = XCBuildConfiguration;
			buildSettings = {
				ALWAYS_SEARCH_USER_PATHS = NO;
				CLANG_ANALYZER_NONNULL = YES;
				CLANG_ANALYZER_NUMBER_OBJECT_CONVERSION = YES_AGGRESSIVE;
				CLANG_CXX_LANGUAGE_STANDARD = "gnu++14";
				CLANG_CXX_LIBRARY = "libc++";
				CLANG_ENABLE_MODULES = YES;
				CLANG_ENABLE_OBJC_ARC = YES;
				CLANG_ENABLE_OBJC_WEAK = YES;
				CLANG_WARN_BLOCK_CAPTURE_AUTORELEASING = YES;
				CLANG_WARN_BOOL_CONVERSION = YES;
				CLANG_WARN_COMMA = YES;
				CLANG_WARN_CONSTANT_CONVERSION = YES;
				CLANG_WARN_DEPRECATED_OBJC_IMPLEMENTATIONS = YES;
				CLANG_WARN_DIRECT_OBJC_ISA_USAGE = YES_ERROR;
				CLANG_WARN_DOCUMENTATION_COMMENTS = YES;
				CLANG_WARN_EMPTY_BODY = YES;
				CLANG_WARN_ENUM_CONVERSION = YES;
				CLANG_WARN_INFINITE_RECURSION = YES;
				CLANG_WARN_INT_CONVERSION = YES;
				CLANG_WARN_NON_LITERAL_NULL_CONVERSION = YES;
				CLANG_WARN_OBJC_IMPLICIT_RETAIN_SELF = YES;
				CLANG_WARN_OBJC_LITERAL_CONVERSION = YES;
				CLANG_WARN_OBJC_ROOT_CLASS = YES_ERROR;
				CLANG_WARN_RANGE_LOOP_ANALYSIS = YES;
				CLANG_WARN_STRICT_PROTOTYPES = YES;
				CLANG_WARN_SUSPICIOUS_MOVE = YES;
				CLANG_WARN_UNGUARDED_AVAILABILITY = YES_AGGRESSIVE;
				CLANG_WARN_UNREACHABLE_CODE = YES;
				CLANG_WARN__DUPLICATE_METHOD_MATCH = YES;
				COPY_PHASE_STRIP = NO;
				DEBUG_INFORMATION_FORMAT = "dwarf-with-dsym";
				ENABLE_NS_ASSERTIONS = NO;
				ENABLE_STRICT_OBJC_MSGSEND = YES;
				GCC_C_LANGUAGE_STANDARD = gnu11;
				GCC_NO_COMMON_BLOCKS = YES;
				GCC_WARN_64_TO_32_BIT_CONVERSION = YES;
				GCC_WARN_ABOUT_RETURN_TYPE = YES_ERROR;
				GCC_WARN_UNDECLARED_SELECTOR = YES;
				GCC_WARN_UNINITIALIZED_AUTOS = YES_AGGRESSIVE;
				GCC_WARN_UNUSED_FUNCTION = YES;
				GCC_WARN_UNUSED_VARIABLE = YES;
				IPHONEOS_DEPLOYMENT_TARGET = 13.2;
				MTL_ENABLE_DEBUG_INFO = NO;
				MTL_FAST_MATH = YES;
				SDKROOT = iphoneos;
				SWIFT_COMPILATION_MODE = wholemodule;
				SWIFT_OPTIMIZATION_LEVEL = "-O";
				VALIDATE_PRODUCT = YES;
			};
			name = Release;
		};
		828A56BF242A4F5200C806EE /* Debug */ = {
			isa = XCBuildConfiguration;
			buildSettings = {
				ASSETCATALOG_COMPILER_APPICON_NAME = AppIcon;
				CODE_SIGN_STYLE = Automatic;
				INFOPLIST_FILE = KEStoryLikeCollection/Info.plist;
				LD_RUNPATH_SEARCH_PATHS = (
					"$(inherited)",
					"@executable_path/Frameworks",
				);
				PRODUCT_BUNDLE_IDENTIFIER = com.kaanesin.KEStoryLikeCollection;
				PRODUCT_NAME = "$(TARGET_NAME)";
				SWIFT_VERSION = 5.0;
				TARGETED_DEVICE_FAMILY = "1,2";
			};
			name = Debug;
		};
		828A56C0242A4F5200C806EE /* Release */ = {
			isa = XCBuildConfiguration;
			buildSettings = {
				ASSETCATALOG_COMPILER_APPICON_NAME = AppIcon;
				CODE_SIGN_STYLE = Automatic;
				INFOPLIST_FILE = KEStoryLikeCollection/Info.plist;
				LD_RUNPATH_SEARCH_PATHS = (
					"$(inherited)",
					"@executable_path/Frameworks",
				);
				PRODUCT_BUNDLE_IDENTIFIER = com.kaanesin.KEStoryLikeCollection;
				PRODUCT_NAME = "$(TARGET_NAME)";
				SWIFT_VERSION = 5.0;
				TARGETED_DEVICE_FAMILY = "1,2";
			};
			name = Release;
		};
/* End XCBuildConfiguration section */

/* Begin XCConfigurationList section */
		828A56A5242A4F5000C806EE /* Build configuration list for PBXProject "KEStoryLikeCollection" */ = {
			isa = XCConfigurationList;
			buildConfigurations = (
				828A56BC242A4F5200C806EE /* Debug */,
				828A56BD242A4F5200C806EE /* Release */,
			);
			defaultConfigurationIsVisible = 0;
			defaultConfigurationName = Release;
		};
		828A56BE242A4F5200C806EE /* Build configuration list for PBXNativeTarget "KEStoryLikeCollection" */ = {
			isa = XCConfigurationList;
			buildConfigurations = (
				828A56BF242A4F5200C806EE /* Debug */,
				828A56C0242A4F5200C806EE /* Release */,
			);
			defaultConfigurationIsVisible = 0;
			defaultConfigurationName = Release;
		};
/* End XCConfigurationList section */
	};
	rootObject = 828A56A2242A4F5000C806EE /* Project object */;
}
